
Microsoft Visual Studio Solution File, Format Version 12.00
# Visual Studio 14
VisualStudioVersion = 14.0.25420.1
MinimumVisualStudioVersion = 10.0.40219.1
Project("{2150E333-8FDC-42A3-9474-1A3956D46DE8}") = "QuickStart", "QuickStart", "{6B7AC44F-224B-46FF-A9A0-D1CCFDEF3D3A}"
	ProjectSection(SolutionItems) = preProject
		QuickStart\Clean01.proj = QuickStart\Clean01.proj
		QuickStart\ConditionExample01.proj = QuickStart\ConditionExample01.proj
		QuickStart\ConditionExample02.proj = QuickStart\ConditionExample02.proj
		QuickStart\Eval01.proj = QuickStart\Eval01.proj
		QuickStart\HelloWorld.proj = QuickStart\HelloWorld.proj
		QuickStart\ItemsSimple.proj = QuickStart\ItemsSimple.proj
		QuickStart\NestedProperties.proj = QuickStart\NestedProperties.proj
		QuickStart\Overview01.proj = QuickStart\Overview01.proj
		QuickStart\Overview02.proj = QuickStart\Overview02.proj
		QuickStart\ReadLines01.proj = QuickStart\ReadLines01.proj
		QuickStart\Transformation01.proj = QuickStart\Transformation01.proj
		QuickStart\WellKnownMetadata.proj = QuickStart\WellKnownMetadata.proj
		QuickStart\WriteLines01.proj = QuickStart\WriteLines01.proj
	EndProjectSection
EndProject
Project("{2150E333-8FDC-42A3-9474-1A3956D46DE8}") = "Simple Metadata Example", "Simple Metadata Example", "{13C03D9F-CB32-46AF-ACD4-F9DECDFA146C}"
	ProjectSection(SolutionItems) = preProject
		QuickStart\Simple Metadata Example\Class1.cs = QuickStart\Simple Metadata Example\Class1.cs
		QuickStart\Simple Metadata Example\Class2.cs = QuickStart\Simple Metadata Example\Class2.cs
		QuickStart\Simple Metadata Example\Class3.cs = QuickStart\Simple Metadata Example\Class3.cs
		QuickStart\Simple Metadata Example\Class4.cs = QuickStart\Simple Metadata Example\Class4.cs
		QuickStart\Simple Metadata Example\MetadataExample01.proj = QuickStart\Simple Metadata Example\MetadataExample01.proj
	EndProjectSection
EndProject
Project("{2150E333-8FDC-42A3-9474-1A3956D46DE8}") = "Batching", "Batching", "{26D71887-0B1C-400D-AE8D-063C60ED58D9}"
	ProjectSection(SolutionItems) = preProject
		Batching\Batching01.proj = Batching\Batching01.proj
		Batching\Batching02.proj = Batching\Batching02.proj
		Batching\Batching04.proj = Batching\Batching04.proj
		Batching\Batching05.proj = Batching\Batching05.proj
		Batching\Batching06.proj = Batching\Batching06.proj
		Batching\Batching07.proj = Batching\Batching07.proj
		Batching\Batching08.proj = Batching\Batching08.proj
		Batching\Batching09.proj = Batching\Batching09.proj
		Batching\CleanAllProjects.proj = Batching\CleanAllProjects.proj
		Batching\Incremental01.proj = Batching\Incremental01.proj
		Batching\Incremental02.proj = Batching\Incremental02.proj
		Batching\Incremental03.proj = Batching\Incremental03.proj
		Batching\TargetBatching.proj = Batching\TargetBatching.proj
		Batching\TargetBatching01.proj = Batching\TargetBatching01.proj
		Batching\TargetBatching02.proj = Batching\TargetBatching02.proj
		Batching\TargetBatching03.proj = Batching\TargetBatching03.proj
		Batching\TaskBatching.proj = Batching\TaskBatching.proj
	EndProjectSection
EndProject
Project("{2150E333-8FDC-42A3-9474-1A3956D46DE8}") = "TestProjects", "TestProjects", "{7F7FD0AA-6958-4342-A77C-5C9B84D004D0}"
EndProject
Project("{2150E333-8FDC-42A3-9474-1A3956D46DE8}") = "contrib", "contrib", "{14DEE78A-7C2F-4E7D-849E-0B9F4DB67D83}"
	ProjectSection(SolutionItems) = preProject
		contrib\log4net.dll = contrib\log4net.dll
	EndProjectSection
EndProject
Project("{2150E333-8FDC-42A3-9474-1A3956D46DE8}") = "nunit2.2", "nunit2.2", "{858685F5-52DA-41DB-93B8-D8193EF6421B}"
	ProjectSection(SolutionItems) = preProject
		contrib\nunit2.2\csharp-sample.dll = contrib\nunit2.2\csharp-sample.dll
		contrib\nunit2.2\mock-assembly.dll = contrib\nunit2.2\mock-assembly.dll
		contrib\nunit2.2\mock-assembly.dll.config = contrib\nunit2.2\mock-assembly.dll.config
		contrib\nunit2.2\nonamespace-assembly.dll = contrib\nunit2.2\nonamespace-assembly.dll
		contrib\nunit2.2\notestfixtures-assembly.dll = contrib\nunit2.2\notestfixtures-assembly.dll
		contrib\nunit2.2\NUnit-2.2.9-r1-net-2.0.msi = contrib\nunit2.2\NUnit-2.2.9-r1-net-2.0.msi
		contrib\nunit2.2\nunit-console.exe = contrib\nunit2.2\nunit-console.exe
		contrib\nunit2.2\nunit-console.exe.config = contrib\nunit2.2\nunit-console.exe.config
		contrib\nunit2.2\nunit-gui.exe = contrib\nunit2.2\nunit-gui.exe
		contrib\nunit2.2\nunit-gui.exe.config = contrib\nunit2.2\nunit-gui.exe.config
		contrib\nunit2.2\nunit.core.dll = contrib\nunit2.2\nunit.core.dll
		contrib\nunit2.2\nunit.extensions.dll = contrib\nunit2.2\nunit.extensions.dll
		contrib\nunit2.2\nunit.framework.dll = contrib\nunit2.2\nunit.framework.dll
		contrib\nunit2.2\nunit.framework.xml = contrib\nunit2.2\nunit.framework.xml
		contrib\nunit2.2\nunit.mocks.dll = contrib\nunit2.2\nunit.mocks.dll
		contrib\nunit2.2\nunit.tests.dll = contrib\nunit2.2\nunit.tests.dll
		contrib\nunit2.2\nunit.tests.dll.config = contrib\nunit2.2\nunit.tests.dll.config
		contrib\nunit2.2\nunit.uikit.dll = contrib\nunit2.2\nunit.uikit.dll
		contrib\nunit2.2\nunit.util.dll = contrib\nunit2.2\nunit.util.dll
		contrib\nunit2.2\timing-tests.dll = contrib\nunit2.2\timing-tests.dll
	EndProjectSection
EndProject
Project("{2150E333-8FDC-42A3-9474-1A3956D46DE8}") = "unittest", "unittest", "{D9FED563-3EBD-44AA-AFC3-7641C7D44891}"
	ProjectSection(SolutionItems) = preProject
		unittest\unittestBuild.proj = unittest\unittestBuild.proj
	EndProjectSection
EndProject
Project("{2150E333-8FDC-42A3-9474-1A3956D46DE8}") = "IronPython-1.1", "IronPython-1.1", "{9AFD0E8B-D3B0-4B26-AD85-841F2629381D}"
EndProject
Project("{2150E333-8FDC-42A3-9474-1A3956D46DE8}") = "CopyExample", "CopyExample", "{DDE9689C-EFD8-4B8B-A536-CC0B8B422B81}"
	ProjectSection(SolutionItems) = preProject
		QuickStart\CopyExample\Copy01.proj = QuickStart\CopyExample\Copy01.proj
		QuickStart\CopyExample\Copy02.proj = QuickStart\CopyExample\Copy02.proj
	EndProjectSection
EndProject
Project("{2150E333-8FDC-42A3-9474-1A3956D46DE8}") = "src", "src", "{687990FA-7EA2-41DA-BBDF-4A7D27E8EAA1}"
	ProjectSection(SolutionItems) = preProject
		QuickStart\CopyExample\src\four.txt = QuickStart\CopyExample\src\four.txt
		QuickStart\CopyExample\src\one.txt = QuickStart\CopyExample\src\one.txt
		QuickStart\CopyExample\src\three.txt = QuickStart\CopyExample\src\three.txt
		QuickStart\CopyExample\src\two.txt = QuickStart\CopyExample\src\two.txt
	EndProjectSection
EndProject
Project("{2150E333-8FDC-42A3-9474-1A3956D46DE8}") = "sub", "sub", "{2C596F3A-A3FF-49AB-9284-1431D298148E}"
	ProjectSection(SolutionItems) = preProject
		QuickStart\CopyExample\src\sub\sub_four.txt = QuickStart\CopyExample\src\sub\sub_four.txt
		QuickStart\CopyExample\src\sub\sub_one.txt = QuickStart\CopyExample\src\sub\sub_one.txt
		QuickStart\CopyExample\src\sub\sub_three.txt = QuickStart\CopyExample\src\sub\sub_three.txt
		QuickStart\CopyExample\src\sub\sub_two.txt = QuickStart\CopyExample\src\sub\sub_two.txt
	EndProjectSection
EndProject
Project("{2150E333-8FDC-42A3-9474-1A3956D46DE8}") = "src", "src", "{52D252F9-B6D4-407A-BC01-3D254DD4A49B}"
	ProjectSection(SolutionItems) = preProject
		Batching\src\four.txt = Batching\src\four.txt
		Batching\src\two.txt = Batching\src\two.txt
	EndProjectSection
EndProject
Project("{2150E333-8FDC-42A3-9474-1A3956D46DE8}") = "sub", "sub", "{4A8B90AA-2C31-4CD8-B8DB-C1C789426456}"
	ProjectSection(SolutionItems) = preProject
		Batching\src\sub\sub_four.txt = Batching\src\sub\sub_four.txt
		Batching\src\sub\sub_one.txt = Batching\src\sub\sub_one.txt
		Batching\src\sub\sub_three.txt = Batching\src\sub\sub_three.txt
		Batching\src\sub\sub_two.txt = Batching\src\sub\sub_two.txt
	EndProjectSection
EndProject
Project("{2150E333-8FDC-42A3-9474-1A3956D46DE8}") = "src", "src", "{97270D2F-2F6B-4B55-9423-4DD8DF3968AA}"
	ProjectSection(SolutionItems) = preProject
		QuickStart\src\four.txt = QuickStart\src\four.txt
		QuickStart\src\one.txt = QuickStart\src\one.txt
		QuickStart\src\three.txt = QuickStart\src\three.txt
		QuickStart\src\two.txt = QuickStart\src\two.txt
	EndProjectSection
EndProject
Project("{2150E333-8FDC-42A3-9474-1A3956D46DE8}") = "sub", "sub", "{83B167E9-31E9-41FA-B573-1A200D37A32C}"
	ProjectSection(SolutionItems) = preProject
		QuickStart\src\sub\sub_four.txt = QuickStart\src\sub\sub_four.txt
		QuickStart\src\sub\sub_one.txt = QuickStart\src\sub\sub_one.txt
		QuickStart\src\sub\sub_three.txt = QuickStart\src\sub\sub_three.txt
		QuickStart\src\sub\sub_two.txt = QuickStart\src\sub\sub_two.txt
	EndProjectSection
EndProject
Project("{2150E333-8FDC-42A3-9474-1A3956D46DE8}") = "src2", "src2", "{5FCB54CE-0C67-4CFC-AF86-7AE480B056AA}"
EndProject
Project("{2150E333-8FDC-42A3-9474-1A3956D46DE8}") = "sub", "sub", "{E73AC3E7-F0AC-44D7-9834-B4EBCD47C94B}"
	ProjectSection(SolutionItems) = preProject
		QuickStart\src2\sub\sub_four.txt = QuickStart\src2\sub\sub_four.txt
		QuickStart\src2\sub\sub_one.txt = QuickStart\src2\sub\sub_one.txt
		QuickStart\src2\sub\sub_three.txt = QuickStart\src2\sub\sub_three.txt
		QuickStart\src2\sub\sub_two.txt = QuickStart\src2\sub\sub_two.txt
	EndProjectSection
EndProject
Project("{2150E333-8FDC-42A3-9474-1A3956D46DE8}") = "proj1", "proj1", "{D15C4216-4AB5-4735-ACA5-093389FE2651}"
	ProjectSection(SolutionItems) = preProject
		QuickStart\src2\sub\proj1\four.txt = QuickStart\src2\sub\proj1\four.txt
		QuickStart\src2\sub\proj1\one.txt = QuickStart\src2\sub\proj1\one.txt
		QuickStart\src2\sub\proj1\three.txt = QuickStart\src2\sub\proj1\three.txt
		QuickStart\src2\sub\proj1\two.txt = QuickStart\src2\sub\proj1\two.txt
	EndProjectSection
EndProject
Project("{2150E333-8FDC-42A3-9474-1A3956D46DE8}") = "proj2", "proj2", "{7496B262-6057-46ED-B118-2DA4BAA1A9F1}"
	ProjectSection(SolutionItems) = preProject
		QuickStart\src2\sub\proj1\four.txt = QuickStart\src2\sub\proj1\four.txt
		QuickStart\src2\sub\proj1\one.txt = QuickStart\src2\sub\proj1\one.txt
		QuickStart\src2\sub\proj1\three.txt = QuickStart\src2\sub\proj1\three.txt
		QuickStart\src2\sub\proj1\two.txt = QuickStart\src2\sub\proj1\two.txt
	EndProjectSection
EndProject
Project("{2150E333-8FDC-42A3-9474-1A3956D46DE8}") = "Conditions", "Conditions", "{3570FB6C-8F22-4896-B7CA-20E69D5C7AEE}"
	ProjectSection(SolutionItems) = preProject
		QuickStart\Conditions\Conditions01.proj = QuickStart\Conditions\Conditions01.proj
	EndProjectSection
EndProject
Project("{2150E333-8FDC-42A3-9474-1A3956D46DE8}") = "Fundamentals", "Fundamentals", "{D31544AF-3BBF-4B7E-AAA9-3DF056F79D87}"
	ProjectSection(SolutionItems) = preProject
		Fundamentals\Copy01.proj = Fundamentals\Copy01.proj
		Fundamentals\Copy02.proj = Fundamentals\Copy02.proj
		Fundamentals\Dynamic01-35.proj = Fundamentals\Dynamic01-35.proj
		Fundamentals\Dynamic01.proj = Fundamentals\Dynamic01.proj
		Fundamentals\Dynamic02.proj = Fundamentals\Dynamic02.proj
		Fundamentals\Dynamic03-35.proj = Fundamentals\Dynamic03-35.proj
		Fundamentals\Dynamic03.proj = Fundamentals\Dynamic03.proj
		Fundamentals\Dynamic04.proj = Fundamentals\Dynamic04.proj
		Fundamentals\Dynamic05.proj = Fundamentals\Dynamic05.proj
		Fundamentals\Dynamic06.proj = Fundamentals\Dynamic06.proj
		Fundamentals\Eval01.proj = Fundamentals\Eval01.proj
		Fundamentals\Eval02.proj = Fundamentals\Eval02.proj
		Fundamentals\Eval03.proj = Fundamentals\Eval03.proj
		Fundamentals\Eval04.proj = Fundamentals\Eval04.proj
		Fundamentals\Exec01.proj = Fundamentals\Exec01.proj
		Fundamentals\Import01.proj = Fundamentals\Import01.proj
		Fundamentals\Import02.proj = Fundamentals\Import02.proj
		Fundamentals\Items01.proj = Fundamentals\Items01.proj
		Fundamentals\Items02.proj = Fundamentals\Items02.proj
		Fundamentals\Logging01.proj = Fundamentals\Logging01.proj
		Fundamentals\Metadata01.proj = Fundamentals\Metadata01.proj
		Fundamentals\Metadata_01-35.proj = Fundamentals\Metadata_01-35.proj
		Fundamentals\MSBuildTask01.proj = Fundamentals\MSBuildTask01.proj
		Fundamentals\MSBuildTask02.proj = Fundamentals\MSBuildTask02.proj
		Fundamentals\MSBuildTask03.proj = Fundamentals\MSBuildTask03.proj
		Fundamentals\Properties01.proj = Fundamentals\Properties01.proj
		Fundamentals\Properties02.proj = Fundamentals\Properties02.proj
		Fundamentals\Properties03.proj = Fundamentals\Properties03.proj
		Fundamentals\Properties04.proj = Fundamentals\Properties04.proj
		Fundamentals\Properties05.proj = Fundamentals\Properties05.proj
		Fundamentals\Properties06.proj = Fundamentals\Properties06.proj
		Fundamentals\Properties07.proj = Fundamentals\Properties07.proj
		Fundamentals\Properties08.proj = Fundamentals\Properties08.proj
		Fundamentals\ReservedProperties01.proj = Fundamentals\ReservedProperties01.proj
		Fundamentals\Transformation01.proj = Fundamentals\Transformation01.proj
		Fundamentals\WellKnownMetadata.proj = Fundamentals\WellKnownMetadata.proj
		Fundamentals\WellKnownMetadata02.proj = Fundamentals\WellKnownMetadata02.proj
		Fundamentals\WellKnownMetadata03.proj = Fundamentals\WellKnownMetadata03.proj
	EndProjectSection
EndProject
Project("{2150E333-8FDC-42A3-9474-1A3956D46DE8}") = "src", "src", "{E28D03A1-1091-4ADE-9949-678C8338D785}"
	ProjectSection(SolutionItems) = preProject
		Fundamentals\src\four.txt = Fundamentals\src\four.txt
		Fundamentals\src\one.txt = Fundamentals\src\one.txt
		Fundamentals\src\three.txt = Fundamentals\src\three.txt
		Fundamentals\src\two.txt = Fundamentals\src\two.txt
	EndProjectSection
EndProject
Project("{2150E333-8FDC-42A3-9474-1A3956D46DE8}") = "sub", "sub", "{1A4418C7-880D-403F-B99B-F73309C08E52}"
	ProjectSection(SolutionItems) = preProject
		Fundamentals\src\sub\sub_four.txt = Fundamentals\src\sub\sub_four.txt
		Fundamentals\src\sub\sub_one.txt = Fundamentals\src\sub\sub_one.txt
		Fundamentals\src\sub\sub_three.txt = Fundamentals\src\sub\sub_three.txt
		Fundamentals\src\sub\sub_two.txt = Fundamentals\src\sub\sub_two.txt
	EndProjectSection
EndProject
Project("{2150E333-8FDC-42A3-9474-1A3956D46DE8}") = "Import", "Import", "{BD1E9B1E-122C-4361-9A46-8CDE9DF457BC}"
	ProjectSection(SolutionItems) = preProject
		Fundamentals\Import\Class1.cs = Fundamentals\Import\Class1.cs
		Fundamentals\Import\Copy of Import_Targets02.proj = Fundamentals\Import\Copy of Import_Targets02.proj
	EndProjectSection
EndProject
Project("{2150E333-8FDC-42A3-9474-1A3956D46DE8}") = "BUILD", "BUILD", "{C087A8B5-A67E-4253-B33F-CBEA38D02D10}"
	ProjectSection(SolutionItems) = preProject
		BUILD\Build.proj = BUILD\Build.proj
		BUILD\ExampleBuild_Projects.proj = BUILD\ExampleBuild_Projects.proj
		BUILD\ExampleBuild_Sln.proj = BUILD\ExampleBuild_Sln.proj
		BUILD\MSBuildTaskProperties.proj = BUILD\MSBuildTaskProperties.proj
	EndProjectSection
EndProject
Project("{2150E333-8FDC-42A3-9474-1A3956D46DE8}") = "GenericBuild", "GenericBuild", "{0DB5AFC8-B09D-4A08-A0B2-4BB79D5E7E9F}"
EndProject
Project("{2150E333-8FDC-42A3-9474-1A3956D46DE8}") = "Build", "Build", "{6D644F01-84FF-4EEE-A8B4-07EC53D4F2C3}"
	ProjectSection(SolutionItems) = preProject
		BUILD\ExampleBuild_Projects.proj = BUILD\ExampleBuild_Projects.proj
		BUILD\ExampleBuild_Sln.proj = BUILD\ExampleBuild_Sln.proj
		BUILD\External.proj = BUILD\External.proj
		BUILD\GenericBuild\Build\fxcop.targets = BUILD\GenericBuild\Build\fxcop.targets
		BUILD\MSBuildTaskProperties.proj = BUILD\MSBuildTaskProperties.proj
		BUILD\GenericBuild\Build\nunit.targets = BUILD\GenericBuild\Build\nunit.targets
		BUILD\GenericBuild\Build\sample.proj = BUILD\GenericBuild\Build\sample.proj
		BUILD\GenericBuild\Build\Sedo.Build.Common.targets = BUILD\GenericBuild\Build\Sedo.Build.Common.targets
	EndProjectSection
EndProject
Project("{2150E333-8FDC-42A3-9474-1A3956D46DE8}") = "Microsoft", "Microsoft", "{47335B58-5ECF-410B-AB7D-420DA8381B4C}"
EndProject
Project("{2150E333-8FDC-42A3-9474-1A3956D46DE8}") = "AssemblyInfoTask", "AssemblyInfoTask", "{65034BDF-5D5C-4CC7-872F-63345FF5E2A7}"
	ProjectSection(SolutionItems) = preProject
		contrib\Microsoft\AssemblyInfoTask\AssemblyInfoTask.chm = contrib\Microsoft\AssemblyInfoTask\AssemblyInfoTask.chm
		contrib\Microsoft\AssemblyInfoTask\AssemblyInfoTask.dll = contrib\Microsoft\AssemblyInfoTask\AssemblyInfoTask.dll
		contrib\Microsoft\AssemblyInfoTask\Microsoft.VersionNumber.targets = contrib\Microsoft\AssemblyInfoTask\Microsoft.VersionNumber.targets
	EndProjectSection
EndProject
Project("{2150E333-8FDC-42A3-9474-1A3956D46DE8}") = "Misc", "Misc", "{0EB01B08-6A07-4268-AED4-DE6920C5CA96}"
	ProjectSection(SolutionItems) = preProject
		Misc\Items01.proj = Misc\Items01.proj
	EndProjectSection
EndProject
Project("{FAE04EC0-301F-11D3-BF4B-00C04F79EFBC}") = "Unittest.Proj1", "unittest\Unittest.Proj1\Unittest.Proj1.csproj", "{A85CE26A-285D-47AF-A1D3-4A1B9844C3DB}"
EndProject
Project("{FAE04EC0-301F-11D3-BF4B-00C04F79EFBC}") = "Unittest.Proj2", "unittest\Unittest.Proj2\Unittest.Proj2.csproj", "{6E84FC9A-12C1-4082-A79A-32C66AE37317}"
EndProject
Project("{FAE04EC0-301F-11D3-BF4B-00C04F79EFBC}") = "unittest.Examples.Tasks", "unittest.Examples.Tasks\unittest.Examples.Tasks.csproj", "{8E0EE487-0DF9-4DA8-A2A7-34263BBC36E0}"
EndProject
Project("{FAE04EC0-301F-11D3-BF4B-00C04F79EFBC}") = "Examples.Loggers", "Examples.Loggers\Examples.Loggers.csproj", "{620B29D7-075B-4C8E-B3B0-13FAEAF19E00}"
EndProject
Project("{FAE04EC0-301F-11D3-BF4B-00C04F79EFBC}") = "Examples.Tasks", "Examples.Tasks\Examples.Tasks.csproj", "{682ED072-873E-4997-A383-5C32F7CCAD56}"
EndProject
Global
	GlobalSection(SolutionConfigurationPlatforms) = preSolution
		Debug|Any CPU = Debug|Any CPU
		Release|Any CPU = Release|Any CPU
	EndGlobalSection
	GlobalSection(ProjectConfigurationPlatforms) = postSolution
		{A85CE26A-285D-47AF-A1D3-4A1B9844C3DB}.Debug|Any CPU.ActiveCfg = Debug|Any CPU
		{A85CE26A-285D-47AF-A1D3-4A1B9844C3DB}.Debug|Any CPU.Build.0 = Debug|Any CPU
		{A85CE26A-285D-47AF-A1D3-4A1B9844C3DB}.Release|Any CPU.ActiveCfg = Release|Any CPU
		{A85CE26A-285D-47AF-A1D3-4A1B9844C3DB}.Release|Any CPU.Build.0 = Release|Any CPU
		{6E84FC9A-12C1-4082-A79A-32C66AE37317}.Debug|Any CPU.ActiveCfg = Debug|Any CPU
		{6E84FC9A-12C1-4082-A79A-32C66AE37317}.Debug|Any CPU.Build.0 = Debug|Any CPU
		{6E84FC9A-12C1-4082-A79A-32C66AE37317}.Release|Any CPU.ActiveCfg = Release|Any CPU
		{6E84FC9A-12C1-4082-A79A-32C66AE37317}.Release|Any CPU.Build.0 = Release|Any CPU
		{8E0EE487-0DF9-4DA8-A2A7-34263BBC36E0}.Debug|Any CPU.ActiveCfg = Debug|Any CPU
		{8E0EE487-0DF9-4DA8-A2A7-34263BBC36E0}.Debug|Any CPU.Build.0 = Debug|Any CPU
		{8E0EE487-0DF9-4DA8-A2A7-34263BBC36E0}.Release|Any CPU.ActiveCfg = Release|Any CPU
		{8E0EE487-0DF9-4DA8-A2A7-34263BBC36E0}.Release|Any CPU.Build.0 = Release|Any CPU
		{620B29D7-075B-4C8E-B3B0-13FAEAF19E00}.Debug|Any CPU.ActiveCfg = Debug|Any CPU
		{620B29D7-075B-4C8E-B3B0-13FAEAF19E00}.Debug|Any CPU.Build.0 = Debug|Any CPU
		{620B29D7-075B-4C8E-B3B0-13FAEAF19E00}.Release|Any CPU.ActiveCfg = Release|Any CPU
		{620B29D7-075B-4C8E-B3B0-13FAEAF19E00}.Release|Any CPU.Build.0 = Release|Any CPU
		{682ED072-873E-4997-A383-5C32F7CCAD56}.Debug|Any CPU.ActiveCfg = Debug|Any CPU
		{682ED072-873E-4997-A383-5C32F7CCAD56}.Debug|Any CPU.Build.0 = Debug|Any CPU
		{682ED072-873E-4997-A383-5C32F7CCAD56}.Release|Any CPU.ActiveCfg = Release|Any CPU
		{682ED072-873E-4997-A383-5C32F7CCAD56}.Release|Any CPU.Build.0 = Release|Any CPU
	EndGlobalSection
	GlobalSection(SolutionProperties) = preSolution
		HideSolutionNode = FALSE
	EndGlobalSection
	GlobalSection(NestedProjects) = preSolution
		{13C03D9F-CB32-46AF-ACD4-F9DECDFA146C} = {6B7AC44F-224B-46FF-A9A0-D1CCFDEF3D3A}
		{7F7FD0AA-6958-4342-A77C-5C9B84D004D0} = {26D71887-0B1C-400D-AE8D-063C60ED58D9}
		{858685F5-52DA-41DB-93B8-D8193EF6421B} = {14DEE78A-7C2F-4E7D-849E-0B9F4DB67D83}
		{9AFD0E8B-D3B0-4B26-AD85-841F2629381D} = {14DEE78A-7C2F-4E7D-849E-0B9F4DB67D83}
		{DDE9689C-EFD8-4B8B-A536-CC0B8B422B81} = {6B7AC44F-224B-46FF-A9A0-D1CCFDEF3D3A}
		{687990FA-7EA2-41DA-BBDF-4A7D27E8EAA1} = {DDE9689C-EFD8-4B8B-A536-CC0B8B422B81}
		{2C596F3A-A3FF-49AB-9284-1431D298148E} = {687990FA-7EA2-41DA-BBDF-4A7D27E8EAA1}
		{52D252F9-B6D4-407A-BC01-3D254DD4A49B} = {26D71887-0B1C-400D-AE8D-063C60ED58D9}
		{4A8B90AA-2C31-4CD8-B8DB-C1C789426456} = {52D252F9-B6D4-407A-BC01-3D254DD4A49B}
		{97270D2F-2F6B-4B55-9423-4DD8DF3968AA} = {6B7AC44F-224B-46FF-A9A0-D1CCFDEF3D3A}
		{83B167E9-31E9-41FA-B573-1A200D37A32C} = {97270D2F-2F6B-4B55-9423-4DD8DF3968AA}
		{5FCB54CE-0C67-4CFC-AF86-7AE480B056AA} = {6B7AC44F-224B-46FF-A9A0-D1CCFDEF3D3A}
		{E73AC3E7-F0AC-44D7-9834-B4EBCD47C94B} = {5FCB54CE-0C67-4CFC-AF86-7AE480B056AA}
		{D15C4216-4AB5-4735-ACA5-093389FE2651} = {E73AC3E7-F0AC-44D7-9834-B4EBCD47C94B}
		{7496B262-6057-46ED-B118-2DA4BAA1A9F1} = {E73AC3E7-F0AC-44D7-9834-B4EBCD47C94B}
		{3570FB6C-8F22-4896-B7CA-20E69D5C7AEE} = {6B7AC44F-224B-46FF-A9A0-D1CCFDEF3D3A}
		{E28D03A1-1091-4ADE-9949-678C8338D785} = {D31544AF-3BBF-4B7E-AAA9-3DF056F79D87}
		{1A4418C7-880D-403F-B99B-F73309C08E52} = {E28D03A1-1091-4ADE-9949-678C8338D785}
		{BD1E9B1E-122C-4361-9A46-8CDE9DF457BC} = {D31544AF-3BBF-4B7E-AAA9-3DF056F79D87}
		{0DB5AFC8-B09D-4A08-A0B2-4BB79D5E7E9F} = {C087A8B5-A67E-4253-B33F-CBEA38D02D10}
		{6D644F01-84FF-4EEE-A8B4-07EC53D4F2C3} = {0DB5AFC8-B09D-4A08-A0B2-4BB79D5E7E9F}
		{47335B58-5ECF-410B-AB7D-420DA8381B4C} = {14DEE78A-7C2F-4E7D-849E-0B9F4DB67D83}
		{65034BDF-5D5C-4CC7-872F-63345FF5E2A7} = {47335B58-5ECF-410B-AB7D-420DA8381B4C}
		{A85CE26A-285D-47AF-A1D3-4A1B9844C3DB} = {D9FED563-3EBD-44AA-AFC3-7641C7D44891}
		{6E84FC9A-12C1-4082-A79A-32C66AE37317} = {D9FED563-3EBD-44AA-AFC3-7641C7D44891}
	EndGlobalSection
EndGlobal
