Microsoft Visual Studio Solution File, Format Version 8.00
Project("{FAE04EC0-301F-11D3-BF4B-00C04F79EFBC}") = "Voice", "Voice.csproj", "{81060840-DDE3-43C2-A097-B938AE2B66B8}"
	ProjectSection(ProjectDependencies) = postProject
	EndProjectSection
EndProject
Global
	GlobalSection(SolutionConfiguration) = preSolution
		Debug = Debug
		Release = Release
	EndGlobalSection
	GlobalSection(ProjectConfiguration) = postSolution
		{81060840-DDE3-43C2-A097-B938AE2B66B8}.Debug.ActiveCfg = Debug|.NET
		{81060840-DDE3-43C2-A097-B938AE2B66B8}.Debug.Build.0 = Debug|.NET
		{81060840-DDE3-43C2-A097-B938AE2B66B8}.Release.ActiveCfg = Release|.NET
		{81060840-DDE3-43C2-A097-B938AE2B66B8}.Release.Build.0 = Release|.NET
	EndGlobalSection
	GlobalSection(ExtensibilityGlobals) = postSolution
	EndGlobalSection
	GlobalSection(ExtensibilityAddIns) = postSolution
	EndGlobalSection
EndGlobal
