Microsoft Visual Studio Solution File, Format Version 8.00
Project("{FAE04EC0-301F-11D3-BF4B-00C04F79EFBC}") = "TAPI3 Audio Conferencing", "TAPI3 Audio Conferencing.csproj", "{AD549D64-8733-4C1F-88C5-4B4248D1DD24}"
	ProjectSection(ProjectDependencies) = postProject
	EndProjectSection
EndProject
Global
	GlobalSection(SolutionConfiguration) = preSolution
		Debug = Debug
		Release = Release
	EndGlobalSection
	GlobalSection(ProjectConfiguration) = postSolution
		{AD549D64-8733-4C1F-88C5-4B4248D1DD24}.Debug.ActiveCfg = Debug|.NET
		{AD549D64-8733-4C1F-88C5-4B4248D1DD24}.Debug.Build.0 = Debug|.NET
		{AD549D64-8733-4C1F-88C5-4B4248D1DD24}.Release.ActiveCfg = Release|.NET
		{AD549D64-8733-4C1F-88C5-4B4248D1DD24}.Release.Build.0 = Release|.NET
	EndGlobalSection
	GlobalSection(ExtensibilityGlobals) = postSolution
	EndGlobalSection
	GlobalSection(ExtensibilityAddIns) = postSolution
	EndGlobalSection
EndGlobal
